// !$*UTF8*$!
{
	archiveVersion = 1;
	classes = {
	};
	objectVersion = 46;
	objects = {

/* Begin PBXFileReference section */
		02613E4914EDB4E7004DFE8C /* build.rb */ = {isa = PBXFileReference; lastKnownFileType = text.script.ruby; path = build.rb; sourceTree = "<group>"; };
		02613E7E14EDB7A9004DFE8C /* Cocoa.framework */ = {isa = PBXFileReference; lastKnownFileType = wrapper.framework; name = Cocoa.framework; path = System/Library/Frameworks/Cocoa.framework; sourceTree = SDKROOT; };
		02613E8114EDB7A9004DFE8C /* AppKit.framework */ = {isa = PBXFileReference; lastKnownFileType = wrapper.framework; name = AppKit.framework; path = System/Library/Frameworks/AppKit.framework; sourceTree = SDKROOT; };
		02613E8214EDB7A9004DFE8C /* CoreData.framework */ = {isa = PBXFileReference; lastKnownFileType = wrapper.framework; name = CoreData.framework; path = System/Library/Frameworks/CoreData.framework; sourceTree = SDKROOT; };
		02613E8314EDB7A9004DFE8C /* Foundation.framework */ = {isa = PBXFileReference; lastKnownFileType = wrapper.framework; name = Foundation.framework; path = System/Library/Frameworks/Foundation.framework; sourceTree = SDKROOT; };
		02869DBB14CF849C00D5DD37 /* hardware */ = {isa = PBXFileReference; lastKnownFileType = folder; name = hardware; path = Contents/Resources/Java/hardware; sourceTree = "<group>"; };
		02869DCD14CF92DB00D5DD37 /* Pro5v328.xcconfig */ = {isa = PBXFileReference; fileEncoding = 4; lastKnownFileType = text.xcconfig; path = Pro5v328.xcconfig; sourceTree = "<group>"; };
		02869DCE14CF92DB00D5DD37 /* Pro5v168.xcconfig */ = {isa = PBXFileReference; fileEncoding = 4; lastKnownFileType = text.xcconfig; path = Pro5v168.xcconfig; sourceTree = "<group>"; };
		02869DCF14CF92E500D5DD37 /* Lilypad328.xcconfig */ = {isa = PBXFileReference; fileEncoding = 4; lastKnownFileType = text.xcconfig; path = Lilypad328.xcconfig; sourceTree = "<group>"; };
		02869DD014CF92E500D5DD37 /* Lilypad168.xcconfig */ = {isa = PBXFileReference; fileEncoding = 4; lastKnownFileType = text.xcconfig; path = Lilypad168.xcconfig; sourceTree = "<group>"; };
		02869DD214D1F1AB00D5DD37 /* upload-run.sh */ = {isa = PBXFileReference; fileEncoding = 4; lastKnownFileType = text.script.sh; path = "upload-run.sh"; sourceTree = "<group>"; };
		02BCCD8714CBE31D0089223E /* Mini328.xcconfig */ = {isa = PBXFileReference; lastKnownFileType = text.xcconfig; path = Mini328.xcconfig; sourceTree = "<group>"; };
		19A5FF06147579A900FAEAAB /* README */ = {isa = PBXFileReference; fileEncoding = 4; lastKnownFileType = text; path = README; sourceTree = "<group>"; };
		19A5FF0814757A6A00FAEAAB /* ArduinoProgram.cpp */ = {isa = PBXFileReference; fileEncoding = 4; lastKnownFileType = sourcecode.cpp.cpp; path = ArduinoProgram.cpp; sourceTree = "<group>"; };
		19A5FF0914757A6A00FAEAAB /* ArduinoProgram.h */ = {isa = PBXFileReference; fileEncoding = 4; lastKnownFileType = sourcecode.c.h; path = ArduinoProgram.h; sourceTree = "<group>"; };
		19A5FF0A14757A6A00FAEAAB /* main.cpp */ = {isa = PBXFileReference; fileEncoding = 4; lastKnownFileType = sourcecode.cpp.cpp; path = main.cpp; sourceTree = "<group>"; };
		19A5FF0B14757A6A00FAEAAB /* TestThing.cpp */ = {isa = PBXFileReference; fileEncoding = 4; lastKnownFileType = sourcecode.cpp.cpp; path = TestThing.cpp; sourceTree = "<group>"; };
		19A5FF0C14757A6A00FAEAAB /* TestThing.h */ = {isa = PBXFileReference; fileEncoding = 4; lastKnownFileType = sourcecode.c.h; path = TestThing.h; sourceTree = "<group>"; };
		2259D19414C85BB30021B514 /* _basic_arduino_settings.xcconfig */ = {isa = PBXFileReference; fileEncoding = 4; lastKnownFileType = text.xcconfig; path = _basic_arduino_settings.xcconfig; sourceTree = "<group>"; };
		2259D19514C85BB30021B514 /* Sanguino.xcconfig */ = {isa = PBXFileReference; fileEncoding = 4; lastKnownFileType = text.xcconfig; path = Sanguino.xcconfig; sourceTree = "<group>"; };
		2259D19614C85BB30021B514 /* BT168.xcconfig */ = {isa = PBXFileReference; fileEncoding = 4; lastKnownFileType = text.xcconfig; path = BT168.xcconfig; sourceTree = "<group>"; };
		2259D19714C85BB30021B514 /* BT328.xcconfig */ = {isa = PBXFileReference; fileEncoding = 4; lastKnownFileType = text.xcconfig; path = BT328.xcconfig; sourceTree = "<group>"; };
		2259D19814C85BB30021B514 /* Diecimila168.xcconfig */ = {isa = PBXFileReference; fileEncoding = 4; lastKnownFileType = text.xcconfig; path = Diecimila168.xcconfig; sourceTree = "<group>"; };
		2259D19914C85BB30021B514 /* Duemilanove168.xcconfig */ = {isa = PBXFileReference; fileEncoding = 4; lastKnownFileType = text.xcconfig; path = Duemilanove168.xcconfig; sourceTree = "<group>"; };
		2259D19A14C85BB30021B514 /* Duemilanove328.xcconfig */ = {isa = PBXFileReference; fileEncoding = 4; lastKnownFileType = text.xcconfig; path = Duemilanove328.xcconfig; sourceTree = "<group>"; };
		2259D19B14C85BB30021B514 /* Mega1280.xcconfig */ = {isa = PBXFileReference; fileEncoding = 4; lastKnownFileType = text.xcconfig; path = Mega1280.xcconfig; sourceTree = "<group>"; };
		2259D19C14C85BB30021B514 /* Mega2560.xcconfig */ = {isa = PBXFileReference; fileEncoding = 4; lastKnownFileType = text.xcconfig; path = Mega2560.xcconfig; sourceTree = "<group>"; };
		2259D19D14C85BB30021B514 /* Mini168.xcconfig */ = {isa = PBXFileReference; fileEncoding = 4; lastKnownFileType = text.xcconfig; path = Mini168.xcconfig; sourceTree = "<group>"; };
		2259D19E14C85BB30021B514 /* Nano328.xcconfig */ = {isa = PBXFileReference; fileEncoding = 4; lastKnownFileType = text.xcconfig; path = Nano328.xcconfig; sourceTree = "<group>"; };
		2259D19F14C85BB30021B514 /* Nano168.xcconfig */ = {isa = PBXFileReference; fileEncoding = 4; lastKnownFileType = text.xcconfig; path = Nano168.xcconfig; sourceTree = "<group>"; };
		2259D1A014C85BB30021B514 /* Atmega8.xcconfig */ = {isa = PBXFileReference; fileEncoding = 4; lastKnownFileType = text.xcconfig; path = Atmega8.xcconfig; sourceTree = "<group>"; };
		2259D1A114C85BB30021B514 /* Atmega168.xcconfig */ = {isa = PBXFileReference; fileEncoding = 4; lastKnownFileType = text.xcconfig; path = Atmega168.xcconfig; sourceTree = "<group>"; };
		2259D1A214C85BB30021B514 /* Pro168.xcconfig */ = {isa = PBXFileReference; fileEncoding = 4; lastKnownFileType = text.xcconfig; path = Pro168.xcconfig; sourceTree = "<group>"; };
		2259D1A314C85BB30021B514 /* Pro328.xcconfig */ = {isa = PBXFileReference; fileEncoding = 4; lastKnownFileType = text.xcconfig; path = Pro328.xcconfig; sourceTree = "<group>"; };
		2259D1A414C85BB30021B514 /* Uno.xcconfig */ = {isa = PBXFileReference; fileEncoding = 4; lastKnownFileType = text.xcconfig; path = Uno.xcconfig; sourceTree = "<group>"; };
/* End PBXFileReference section */

/* Begin PBXGroup section */
		02613E7D14EDB7A9004DFE8C /* Frameworks */ = {
			isa = PBXGroup;
			children = (
				02613E7E14EDB7A9004DFE8C /* Cocoa.framework */,
				02613E8014EDB7A9004DFE8C /* Other Frameworks */,
			);
			name = Frameworks;
			sourceTree = "<group>";
		};
		02613E8014EDB7A9004DFE8C /* Other Frameworks */ = {
			isa = PBXGroup;
			children = (
				02613E8114EDB7A9004DFE8C /* AppKit.framework */,
				02613E8214EDB7A9004DFE8C /* CoreData.framework */,
				02613E8314EDB7A9004DFE8C /* Foundation.framework */,
			);
			name = "Other Frameworks";
			sourceTree = "<group>";
		};
		02BCCD7E14CBDF930089223E /* Arduino Application */ = {
			isa = PBXGroup;
			children = (
				02869DBB14CF849C00D5DD37 /* hardware */,
			);
			name = "Arduino Application";
			path = /Applications/Arduino.app;
			sourceTree = "<absolute>";
		};
		19A5FEE1147578E500FAEAAB = {
			isa = PBXGroup;
			children = (
				02613E4914EDB4E7004DFE8C /* build.rb */,
				19A5FF06147579A900FAEAAB /* README */,
				19A5FF0714757A6A00FAEAAB /* src */,
				02BCCD7E14CBDF930089223E /* Arduino Application */,
				19A5FEEE1475790300FAEAAB /* config */,
				02613E7D14EDB7A9004DFE8C /* Frameworks */,
				22FCDCB414C8F1830033ABF6 /* Products */,
				02869DD214D1F1AB00D5DD37 /* upload-run.sh */,
			);
			sourceTree = "<group>";
		};
		19A5FEEE1475790300FAEAAB /* config */ = {
			isa = PBXGroup;
			children = (
				2259D19414C85BB30021B514 /* _basic_arduino_settings.xcconfig */,
				2259D1A414C85BB30021B514 /* Uno.xcconfig */,
				2259D19A14C85BB30021B514 /* Duemilanove328.xcconfig */,
				2259D19914C85BB30021B514 /* Duemilanove168.xcconfig */,
				2259D19814C85BB30021B514 /* Diecimila168.xcconfig */,
				2259D19E14C85BB30021B514 /* Nano328.xcconfig */,
				2259D19F14C85BB30021B514 /* Nano168.xcconfig */,
				2259D19C14C85BB30021B514 /* Mega2560.xcconfig */,
				2259D19B14C85BB30021B514 /* Mega1280.xcconfig */,
				02BCCD8714CBE31D0089223E /* Mini328.xcconfig */,
				2259D19D14C85BB30021B514 /* Mini168.xcconfig */,
				2259D19714C85BB30021B514 /* BT328.xcconfig */,
				2259D19614C85BB30021B514 /* BT168.xcconfig */,
				02869DCF14CF92E500D5DD37 /* Lilypad328.xcconfig */,
				02869DD014CF92E500D5DD37 /* Lilypad168.xcconfig */,
				02869DCD14CF92DB00D5DD37 /* Pro5v328.xcconfig */,
				02869DCE14CF92DB00D5DD37 /* Pro5v168.xcconfig */,
				2259D1A314C85BB30021B514 /* Pro328.xcconfig */,
				2259D1A214C85BB30021B514 /* Pro168.xcconfig */,
				2259D1A114C85BB30021B514 /* Atmega168.xcconfig */,
				2259D1A014C85BB30021B514 /* Atmega8.xcconfig */,
				2259D19514C85BB30021B514 /* Sanguino.xcconfig */,
			);
			path = config;
			sourceTree = "<group>";
		};
		19A5FF0714757A6A00FAEAAB /* src */ = {
			isa = PBXGroup;
			children = (
				19A5FF0A14757A6A00FAEAAB /* main.cpp */,
				19A5FF0914757A6A00FAEAAB /* ArduinoProgram.h */,
				19A5FF0814757A6A00FAEAAB /* ArduinoProgram.cpp */,
				19A5FF0B14757A6A00FAEAAB /* TestThing.cpp */,
				19A5FF0C14757A6A00FAEAAB /* TestThing.h */,
			);
			path = src;
			sourceTree = "<group>";
		};
		22FCDCB414C8F1830033ABF6 /* Products */ = {
			isa = PBXGroup;
			children = (
			);
			name = Products;
			sourceTree = "<group>";
		};
/* End PBXGroup section */

/* Begin PBXLegacyTarget section */
		19A5FF0D14757BAC00FAEAAB /* Arduino */ = {
			isa = PBXLegacyTarget;
			buildArgumentsString = "$(PROJECT_DIR)/build.rb $(ACTION)";
			buildConfigurationList = 19A5FF0E14757BAC00FAEAAB /* Build configuration list for PBXLegacyTarget "Arduino" */;
			buildPhases = (
			);
			buildToolPath = /usr/bin/ruby;
			buildWorkingDirectory = "";
			dependencies = (
			);
			name = Arduino;
			passBuildSettingsInEnvironment = 1;
			productName = uploadArduinoXCode4;
		};
/* End PBXLegacyTarget section */

/* Begin PBXProject section */
		19A5FEE3147578E500FAEAAB /* Project object */ = {
			isa = PBXProject;
			attributes = {
				LastUpgradeCheck = 0420;
			};
			buildConfigurationList = 19A5FEE6147578E500FAEAAB /* Build configuration list for PBXProject "ArduinoOnXcode" */;
			compatibilityVersion = "Xcode 3.2";
			developmentRegion = English;
			hasScannedForEncodings = 0;
			knownRegions = (
				en,
			);
			mainGroup = 19A5FEE1147578E500FAEAAB;
			productRefGroup = 22FCDCB414C8F1830033ABF6 /* Products */;
			projectDirPath = "";
			projectRoot = "";
			targets = (
				19A5FF0D14757BAC00FAEAAB /* Arduino */,
			);
		};
/* End PBXProject section */

/* Begin XCBuildConfiguration section */
		19A5FEEA147578E500FAEAAB /* Release */ = {
			isa = XCBuildConfiguration;
			baseConfigurationReference = 2259D19C14C85BB30021B514 /* Mega2560.xcconfig */;
			buildSettings = {
				ALWAYS_SEARCH_USER_PATHS = YES;
				ARDUINO_APP_PATH = /Applications/Arduino.app;
				BOARDS_TXT_PATH = "$(HARDWARE_PATH)/boards.txt";
				COPY_PHASE_STRIP = YES;
				DEBUG_INFORMATION_FORMAT = "dwarf-with-dsym";
				GCC_C_LANGUAGE_STANDARD = gnu99;
				GCC_ENABLE_OBJC_EXCEPTIONS = YES;
				GCC_VERSION = com.apple.compilers.llvm.clang.1_0;
				GCC_WARN_64_TO_32_BIT_CONVERSION = YES;
				GCC_WARN_ABOUT_MISSING_PROTOTYPES = YES;
				GCC_WARN_ABOUT_RETURN_TYPE = YES;
				GCC_WARN_UNUSED_VARIABLE = YES;
				HARDWARE_PATH = "$(ARDUINO_APP_PATH)/Contents/Resources/Java/hardware/$(HARDWARE_NAME)";
				MACOSX_DEPLOYMENT_TARGET = 10.7;
				PORT = "/dev/tty.usbmodem*";
				SDKROOT = macosx;
			};
			name = Release;
		};
		19A5FF1014757BAC00FAEAAB /* Release */ = {
			isa = XCBuildConfiguration;
			buildSettings = {
				PRODUCT_NAME = "$(TARGET_NAME)";
			};
			name = Release;
		};
/* End XCBuildConfiguration section */

/* Begin XCConfigurationList section */
		19A5FEE6147578E500FAEAAB /* Build configuration list for PBXProject "ArduinoOnXcode" */ = {
			isa = XCConfigurationList;
			buildConfigurations = (
				19A5FEEA147578E500FAEAAB /* Release */,
			);
			defaultConfigurationIsVisible = 0;
			defaultConfigurationName = Release;
		};
		19A5FF0E14757BAC00FAEAAB /* Build configuration list for PBXLegacyTarget "Arduino" */ = {
			isa = XCConfigurationList;
			buildConfigurations = (
				19A5FF1014757BAC00FAEAAB /* Release */,
			);
			defaultConfigurationIsVisible = 0;
			defaultConfigurationName = Release;
		};
/* End XCConfigurationList section */
	};
	rootObject = 19A5FEE3147578E500FAEAAB /* Project object */;
}
