// !$*UTF8*$!
{
	archiveVersion = 1;
	classes = {
	};
	objectVersion = 46;
	objects = {

/* Begin PBXFileReference section */
		02869DB814CF82A700D5DD37 /* arduino */ = {isa = PBXFileReference; lastKnownFileType = folder; name = arduino; path = Contents/Resources/Java/hardware/arduino/cores/arduino; sourceTree = "<group>"; };
		02BCCD7F14CBE00F0089223E /* libraries */ = {isa = PBXFileReference; lastKnownFileType = folder; name = libraries; path = Contents/Resources/Java/libraries; sourceTree = "<group>"; };
		02BCCD8714CBE31D0089223E /* Mini328.xcconfig */ = {isa = PBXFileReference; lastKnownFileType = text.xcconfig; path = Mini328.xcconfig; sourceTree = "<group>"; };
		02BCCD8E14CBE85A0089223E /* examples */ = {isa = PBXFileReference; lastKnownFileType = folder; name = examples; path = Contents/Resources/Java/examples; sourceTree = "<group>"; };
		19A5FF05147579A900FAEAAB /* Makefile */ = {isa = PBXFileReference; explicitFileType = sourcecode.make; fileEncoding = 4; path = Makefile; sourceTree = "<group>"; };
		19A5FF06147579A900FAEAAB /* README */ = {isa = PBXFileReference; fileEncoding = 4; lastKnownFileType = text; path = README; sourceTree = "<group>"; };
		19A5FF0814757A6A00FAEAAB /* ArduinoProgram.cpp */ = {isa = PBXFileReference; fileEncoding = 4; lastKnownFileType = sourcecode.cpp.cpp; path = ArduinoProgram.cpp; sourceTree = "<group>"; };
		19A5FF0914757A6A00FAEAAB /* ArduinoProgram.h */ = {isa = PBXFileReference; fileEncoding = 4; lastKnownFileType = sourcecode.c.h; path = ArduinoProgram.h; sourceTree = "<group>"; };
		19A5FF0A14757A6A00FAEAAB /* main.cpp */ = {isa = PBXFileReference; fileEncoding = 4; lastKnownFileType = sourcecode.cpp.cpp; path = main.cpp; sourceTree = "<group>"; };
		19A5FF0B14757A6A00FAEAAB /* TestThing.cpp */ = {isa = PBXFileReference; fileEncoding = 4; lastKnownFileType = sourcecode.cpp.cpp; path = TestThing.cpp; sourceTree = "<group>"; };
		19A5FF0C14757A6A00FAEAAB /* TestThing.h */ = {isa = PBXFileReference; fileEncoding = 4; lastKnownFileType = sourcecode.c.h; path = TestThing.h; sourceTree = "<group>"; };
		2259D19414C85BB30021B514 /* _basic_arduino_settings.xcconfig */ = {isa = PBXFileReference; fileEncoding = 4; lastKnownFileType = text.xcconfig; path = _basic_arduino_settings.xcconfig; sourceTree = "<group>"; };
		2259D19514C85BB30021B514 /* Sanguino.xcconfig */ = {isa = PBXFileReference; fileEncoding = 4; lastKnownFileType = text.xcconfig; path = Sanguino.xcconfig; sourceTree = "<group>"; };
		2259D19614C85BB30021B514 /* BT168.xcconfig */ = {isa = PBXFileReference; fileEncoding = 4; lastKnownFileType = text.xcconfig; path = BT168.xcconfig; sourceTree = "<group>"; };
		2259D19714C85BB30021B514 /* BT328.xcconfig */ = {isa = PBXFileReference; fileEncoding = 4; lastKnownFileType = text.xcconfig; path = BT328.xcconfig; sourceTree = "<group>"; };
		2259D19814C85BB30021B514 /* Diecimila168.xcconfig */ = {isa = PBXFileReference; fileEncoding = 4; lastKnownFileType = text.xcconfig; path = Diecimila168.xcconfig; sourceTree = "<group>"; };
		2259D19914C85BB30021B514 /* Duemilanove168.xcconfig */ = {isa = PBXFileReference; fileEncoding = 4; lastKnownFileType = text.xcconfig; path = Duemilanove168.xcconfig; sourceTree = "<group>"; };
		2259D19A14C85BB30021B514 /* Duemilanove328.xcconfig */ = {isa = PBXFileReference; fileEncoding = 4; lastKnownFileType = text.xcconfig; path = Duemilanove328.xcconfig; sourceTree = "<group>"; };
		2259D19B14C85BB30021B514 /* Mega1280.xcconfig */ = {isa = PBXFileReference; fileEncoding = 4; lastKnownFileType = text.xcconfig; path = Mega1280.xcconfig; sourceTree = "<group>"; };
		2259D19C14C85BB30021B514 /* Mega2560.xcconfig */ = {isa = PBXFileReference; fileEncoding = 4; lastKnownFileType = text.xcconfig; path = Mega2560.xcconfig; sourceTree = "<group>"; };
		2259D19D14C85BB30021B514 /* Mini.xcconfig */ = {isa = PBXFileReference; fileEncoding = 4; lastKnownFileType = text.xcconfig; path = Mini.xcconfig; sourceTree = "<group>"; };
		2259D19E14C85BB30021B514 /* Nano328.xcconfig */ = {isa = PBXFileReference; fileEncoding = 4; lastKnownFileType = text.xcconfig; path = Nano328.xcconfig; sourceTree = "<group>"; };
		2259D19F14C85BB30021B514 /* Nano168.xcconfig */ = {isa = PBXFileReference; fileEncoding = 4; lastKnownFileType = text.xcconfig; path = Nano168.xcconfig; sourceTree = "<group>"; };
		2259D1A014C85BB30021B514 /* Atmega8.xcconfig */ = {isa = PBXFileReference; fileEncoding = 4; lastKnownFileType = text.xcconfig; path = Atmega8.xcconfig; sourceTree = "<group>"; };
		2259D1A114C85BB30021B514 /* Atmega168.xcconfig */ = {isa = PBXFileReference; fileEncoding = 4; lastKnownFileType = text.xcconfig; path = Atmega168.xcconfig; sourceTree = "<group>"; };
		2259D1A214C85BB30021B514 /* Pro168.xcconfig */ = {isa = PBXFileReference; fileEncoding = 4; lastKnownFileType = text.xcconfig; path = Pro168.xcconfig; sourceTree = "<group>"; };
		2259D1A314C85BB30021B514 /* Pro328.xcconfig */ = {isa = PBXFileReference; fileEncoding = 4; lastKnownFileType = text.xcconfig; path = Pro328.xcconfig; sourceTree = "<group>"; };
		2259D1A414C85BB30021B514 /* Uno.xcconfig */ = {isa = PBXFileReference; fileEncoding = 4; lastKnownFileType = text.xcconfig; path = Uno.xcconfig; sourceTree = "<group>"; };
/* End PBXFileReference section */

/* Begin PBXGroup section */
		02BCCD7E14CBDF930089223E /* Arduino Application */ = {
			isa = PBXGroup;
			children = (
				02869DB814CF82A700D5DD37 /* arduino */,
				02BCCD8E14CBE85A0089223E /* examples */,
				02BCCD7F14CBE00F0089223E /* libraries */,
			);
			name = "Arduino Application";
			path = /Applications/Arduino.app;
			sourceTree = "<absolute>";
		};
		19A5FEE1147578E500FAEAAB = {
			isa = PBXGroup;
			children = (
				19A5FF05147579A900FAEAAB /* Makefile */,
				19A5FF06147579A900FAEAAB /* README */,
				19A5FF0714757A6A00FAEAAB /* src */,
				02BCCD7E14CBDF930089223E /* Arduino Application */,
				19A5FEEE1475790300FAEAAB /* config */,
				22FCDCB414C8F1830033ABF6 /* Products */,
			);
			sourceTree = "<group>";
		};
		19A5FEEE1475790300FAEAAB /* config */ = {
			isa = PBXGroup;
			children = (
				2259D19414C85BB30021B514 /* _basic_arduino_settings.xcconfig */,
				2259D1A414C85BB30021B514 /* Uno.xcconfig */,
				2259D19A14C85BB30021B514 /* Duemilanove328.xcconfig */,
				2259D19914C85BB30021B514 /* Duemilanove168.xcconfig */,
				2259D19814C85BB30021B514 /* Diecimila168.xcconfig */,
				2259D19E14C85BB30021B514 /* Nano328.xcconfig */,
				2259D19F14C85BB30021B514 /* Nano168.xcconfig */,
				2259D19C14C85BB30021B514 /* Mega2560.xcconfig */,
				2259D19B14C85BB30021B514 /* Mega1280.xcconfig */,
				02BCCD8714CBE31D0089223E /* Mini328.xcconfig */,
				2259D19D14C85BB30021B514 /* Mini.xcconfig */,
				2259D19714C85BB30021B514 /* BT328.xcconfig */,
				2259D19614C85BB30021B514 /* BT168.xcconfig */,
				2259D1A214C85BB30021B514 /* Pro168.xcconfig */,
				2259D1A314C85BB30021B514 /* Pro328.xcconfig */,
				2259D1A114C85BB30021B514 /* Atmega168.xcconfig */,
				2259D1A014C85BB30021B514 /* Atmega8.xcconfig */,
				2259D19514C85BB30021B514 /* Sanguino.xcconfig */,
			);
			path = config;
			sourceTree = "<group>";
		};
		19A5FF0714757A6A00FAEAAB /* src */ = {
			isa = PBXGroup;
			children = (
				19A5FF0A14757A6A00FAEAAB /* main.cpp */,
				19A5FF0914757A6A00FAEAAB /* ArduinoProgram.h */,
				19A5FF0814757A6A00FAEAAB /* ArduinoProgram.cpp */,
				19A5FF0B14757A6A00FAEAAB /* TestThing.cpp */,
				19A5FF0C14757A6A00FAEAAB /* TestThing.h */,
			);
			path = src;
			sourceTree = "<group>";
		};
		22FCDCB414C8F1830033ABF6 /* Products */ = {
			isa = PBXGroup;
			children = (
			);
			name = Products;
			sourceTree = "<group>";
		};
/* End PBXGroup section */

/* Begin PBXLegacyTarget section */
		19A5FF0D14757BAC00FAEAAB /* Arduino */ = {
			isa = PBXLegacyTarget;
			buildArgumentsString = "$(ACTION)";
			buildConfigurationList = 19A5FF0E14757BAC00FAEAAB /* Build configuration list for PBXLegacyTarget "Arduino" */;
			buildPhases = (
			);
			buildToolPath = /usr/bin/make;
			buildWorkingDirectory = "";
			dependencies = (
			);
			name = Arduino;
			passBuildSettingsInEnvironment = 1;
			productName = uploadArduinoXCode4;
		};
/* End PBXLegacyTarget section */

/* Begin PBXProject section */
		19A5FEE3147578E500FAEAAB /* Project object */ = {
			isa = PBXProject;
			attributes = {
				LastUpgradeCheck = 0420;
			};
			buildConfigurationList = 19A5FEE6147578E500FAEAAB /* Build configuration list for PBXProject "ArduinoOnXcode" */;
			compatibilityVersion = "Xcode 3.2";
			developmentRegion = English;
			hasScannedForEncodings = 0;
			knownRegions = (
				en,
			);
			mainGroup = 19A5FEE1147578E500FAEAAB;
			productRefGroup = 22FCDCB414C8F1830033ABF6 /* Products */;
			projectDirPath = "";
			projectRoot = "";
			targets = (
				19A5FF0D14757BAC00FAEAAB /* Arduino */,
			);
		};
/* End PBXProject section */

/* Begin XCBuildConfiguration section */
		19A5FEEA147578E500FAEAAB /* Release */ = {
			isa = XCBuildConfiguration;
			baseConfigurationReference = 2259D19414C85BB30021B514 /* _basic_arduino_settings.xcconfig */;
			buildSettings = {
				ALWAYS_SEARCH_USER_PATHS = YES;
				BOARDNAME = uno;
				COPY_PHASE_STRIP = YES;
				DEBUG_INFORMATION_FORMAT = "dwarf-with-dsym";
				GCC_C_LANGUAGE_STANDARD = gnu99;
				GCC_ENABLE_OBJC_EXCEPTIONS = YES;
				GCC_VERSION = com.apple.compilers.llvm.clang.1_0;
				GCC_WARN_64_TO_32_BIT_CONVERSION = YES;
				GCC_WARN_ABOUT_MISSING_PROTOTYPES = YES;
				GCC_WARN_ABOUT_RETURN_TYPE = YES;
				GCC_WARN_UNUSED_VARIABLE = YES;
				LIBRARY_PATHS = "";
				MACOSX_DEPLOYMENT_TARGET = 10.7;
				PORT = "/dev/tty.usbmodem*";
				SDKROOT = macosx;
			};
			name = Release;
		};
		19A5FF1014757BAC00FAEAAB /* Release */ = {
			isa = XCBuildConfiguration;
			buildSettings = {
				PRODUCT_NAME = "$(TARGET_NAME)";
			};
			name = Release;
		};
/* End XCBuildConfiguration section */

/* Begin XCConfigurationList section */
		19A5FEE6147578E500FAEAAB /* Build configuration list for PBXProject "ArduinoOnXcode" */ = {
			isa = XCConfigurationList;
			buildConfigurations = (
				19A5FEEA147578E500FAEAAB /* Release */,
			);
			defaultConfigurationIsVisible = 0;
			defaultConfigurationName = Release;
		};
		19A5FF0E14757BAC00FAEAAB /* Build configuration list for PBXLegacyTarget "Arduino" */ = {
			isa = XCConfigurationList;
			buildConfigurations = (
				19A5FF1014757BAC00FAEAAB /* Release */,
			);
			defaultConfigurationIsVisible = 0;
			defaultConfigurationName = Release;
		};
/* End XCConfigurationList section */
	};
	rootObject = 19A5FEE3147578E500FAEAAB /* Project object */;
}
