<?xml version="1.0" encoding="UTF-8"?>
<Scheme
   version = "1.3">
   <BuildAction
      parallelizeBuildables = "YES"
      buildImplicitDependencies = "YES">
      <BuildActionEntries>
         <BuildActionEntry
            buildForTesting = "YES"
            buildForRunning = "YES"
            buildForProfiling = "YES"
            buildForArchiving = "YES"
            buildForAnalyzing = "YES">
            <BuildableReference
               BuildableIdentifier = "primary"
               BlueprintIdentifier = "19A5FF0D14757BAC00FAEAAB"
               BuildableName = "Arduino"
               BlueprintName = "Arduino"
               ReferencedContainer = "container:ArduinoOnXcode.xcodeproj">
            </BuildableReference>
         </BuildActionEntry>
      </BuildActionEntries>
   </BuildAction>
   <TestAction
      selectedDebuggerIdentifier = "Xcode.DebuggerFoundation.Debugger.GDB"
      selectedLauncherIdentifier = "Xcode.DebuggerFoundation.Launcher.GDB"
      shouldUseLaunchSchemeArgsEnv = "YES"
      buildConfiguration = "Release">
      <Testables>
      </Testables>
      <MacroExpansion>
         <BuildableReference
            BuildableIdentifier = "primary"
            BlueprintIdentifier = "19A5FF0D14757BAC00FAEAAB"
            BuildableName = "Arduino"
            BlueprintName = "Arduino"
            ReferencedContainer = "container:ArduinoOnXcode.xcodeproj">
         </BuildableReference>
      </MacroExpansion>
   </TestAction>
   <LaunchAction
      selectedDebuggerIdentifier = ""
      selectedLauncherIdentifier = "Xcode.IDEFoundation.Launcher.PosixSpawn"
      launchStyle = "0"
      useCustomWorkingDirectory = "NO"
      buildConfiguration = "Release"
      ignoresPersistentStateOnLaunch = "NO"
      debugDocumentVersioning = "YES"
      allowLocationSimulation = "YES">
      <PathRunnable
         FilePath = "/bin/sh">
      </PathRunnable>
      <MacroExpansion>
         <BuildableReference
            BuildableIdentifier = "primary"
            BlueprintIdentifier = "19A5FF0D14757BAC00FAEAAB"
            BuildableName = "Arduino"
            BlueprintName = "Arduino"
            ReferencedContainer = "container:ArduinoOnXcode.xcodeproj">
         </BuildableReference>
      </MacroExpansion>
      <CommandLineArguments>
         <CommandLineArgument
            argument = "$(PROJECT_DIR)/upload-run.sh"
            isEnabled = "YES">
         </CommandLineArgument>
         <CommandLineArgument
            argument = "${ARDUINO_APP_PATH}"
            isEnabled = "YES">
         </CommandLineArgument>
         <CommandLineArgument
            argument = "${BOARDS_TXT_PATH}"
            isEnabled = "YES">
         </CommandLineArgument>
         <CommandLineArgument
            argument = "${BUILD_DIR}"
            isEnabled = "YES">
         </CommandLineArgument>
         <CommandLineArgument
            argument = "${PORT}"
            isEnabled = "YES">
         </CommandLineArgument>
         <CommandLineArgument
            argument = "${HARDWARE_NAME}"
            isEnabled = "YES">
         </CommandLineArgument>
         <CommandLineArgument
            argument = "${BOARD_NAME}"
            isEnabled = "YES">
         </CommandLineArgument>
         <CommandLineArgument
            argument = "${HARDWARE_PATH}"
            isEnabled = "YES">
         </CommandLineArgument>
         <CommandLineArgument
            argument = "${PRODUCT_NAME}"
            isEnabled = "YES">
         </CommandLineArgument>
      </CommandLineArguments>
      <AdditionalOptions>
      </AdditionalOptions>
   </LaunchAction>
   <ProfileAction
      shouldUseLaunchSchemeArgsEnv = "YES"
      savedToolIdentifier = ""
      useCustomWorkingDirectory = "NO"
      buildConfiguration = "Release"
      debugDocumentVersioning = "YES">
   </ProfileAction>
   <AnalyzeAction
      buildConfiguration = "Release">
   </AnalyzeAction>
   <ArchiveAction
      buildConfiguration = "Release"
      revealArchiveInOrganizer = "YES">
   </ArchiveAction>
</Scheme>
